
Microsoft Visual Studio Solution File, Format Version 12.00
Project("{FAE04EC0-301F-11D3-BF4B-00C04F79EFBC}") = "DanielCunha.Toolkit.PostgreSQL.SnakeCase", "DanielCunha.Toolkit.PostgreSQL.SnakeCase\DanielCunha.Toolkit.PostgreSQL.SnakeCase.csproj", "{EA184AB9-3B4A-4519-ADDE-A416C557F416}"
EndProject
Global
	GlobalSection(SolutionConfigurationPlatforms) = preSolution
		Debug|Any CPU = Debug|Any CPU
		Release|Any CPU = Release|Any CPU
	EndGlobalSection
	GlobalSection(ProjectConfigurationPlatforms) = postSolution
		{EA184AB9-3B4A-4519-ADDE-A416C557F416}.Debug|Any CPU.ActiveCfg = Debug|Any CPU
		{EA184AB9-3B4A-4519-ADDE-A416C557F416}.Debug|Any CPU.Build.0 = Debug|Any CPU
		{EA184AB9-3B4A-4519-ADDE-A416C557F416}.Release|Any CPU.ActiveCfg = Release|Any CPU
		{EA184AB9-3B4A-4519-ADDE-A416C557F416}.Release|Any CPU.Build.0 = Release|Any CPU
	EndGlobalSection
EndGlobal
